# THIS IS AN AUTOGENERATED FILE. DO NOT EDIT THIS FILE DIRECTLY.
# yarn lockfile v1


"@babel/eslint-parser@^7.12.16":
  version "7.19.1"
  resolved "7.19.1"
  integrity sha512-AqNf2QWt1rtu2/1rLswy6CDP7H9Oh3mMhk177Y67Rg8d7RD9WfOLLv8CGn6tisFvS2htm86yIe1yLF6I1UDaGQ==
  dependencies:
    "@nicolo-ribaudo/eslint-scope-5-internals" "5.1.1-v1"
    eslint-visitor-keys "^2.1.0"
    semver "^6.3.0"

"@commitlint/config-conventional@latest":
  version "17.1.0"
  resolved "17.1.0"
  integrity sha512-WU2p0c9/jLi8k2q2YrDV96Y8XVswQOceIQ/wyJvQxawJSCasLdRB3kUIYdNjOCJsxkpoUlV/b90ZPxp1MYZDiA==
  dependencies:
    conventional-changelog-conventionalcommits "^5.0.0"

"@eslint/eslintrc@^1.3.2":
  version "1.3.2"
  resolved "1.3.2"
  integrity sha512-AXYd23w1S/bv3fTs3Lz0vjiYemS08jWkI3hYyS9I1ry+0f+Yjs1wm+sU0BS8qDOPrBIkp4qHYC16I8uVtpLajQ==
  dependencies:
    ajv "^6.12.4"
    debug "^4.3.2"
    espree "^9.4.0"
    globals "^13.15.0"
    ignore "^5.2.0"
    import-fresh "^3.2.1"
    js-yaml "^4.1.0"
    minimatch "^3.1.2"
    strip-json-comments "^3.1.1"

"@nicolo-ribaudo/eslint-scope-5-internals@5.1.1-v1":
  version "5.1.1-v1"
  resolved "5.1.1-v1"
  integrity sha512-54/JRvkLIzzDWshCWfuhadfrfZVPiElY8Fcgmg1HroEly/EDSszzhBAsarCux+D/kOslTRquNzuyGSmUSTTHGg==
  dependencies:
    eslint-scope "5.1.1"

"@octokit/openapi-types@^12.11.0":
  version "12.11.0"
  resolved "12.11.0"
  integrity sha512-VsXyi8peyRq9PqIz/tpqiL2w3w80OgVMwBHltTml3LmVvXiphgeqmY9mvBw9Wu7e0QWk/fqD37ux8yP5uVekyQ==

"@prettier/plugin-php@^0.17.6":
  version "0.17.6"
  resolved "0.17.6"
  integrity sha512-Nxkq+Gl8bGbutRV7e3/p5d+Bcftn75oH61RT8xzk44T5ET7fVP50pUdaOdvt704GSNr6wwmfBW8MhBz5IKt+fA==
  dependencies:
    linguist-languages "^7.5.1"
    mem "^8.0.0"
    php-parser "https://github.com/glayzzle/php-parser#27abcb2337ac6450c068ef064982dfabf77916a5"

"@prettier/plugin-pug@^1.19.2":
  version "1.20.1"
  resolved "1.20.1"
  integrity sha512-pMAfomxIiPHKn01idtsnDJFEqTGMzMzJajo52lWw3urDasJyf5gwQKqyOp1gB1yIbC5K3OBvsFtSMrOTbxHo6w==
  dependencies:
    pug-lexer "^5.0.0"

"@prettier/plugin-ruby@^2.0.0":
  version "2.1.0"
  resolved "2.1.0"
  integrity sha512-lAoYFoDnwlxM3jl+dS7yrmxD49d3nbKFTBuhHx3VTPoAwmOOKOIO4nRJTTBWF+rS7KUAVn2XPLwRR0Obh/KW6A==
  dependencies:
    prettier ">=2.3.0"

"@prettier/plugin-xml@^1.0.2":
  version "1.2.0"
  resolved "1.2.0"
  integrity sha512-bFvVAZKs59XNmntYjyefn3K4TBykS6E+d6ZW8IcylAs88ZO+TzLhp0dPpi0VKfPzq1Nb+kpDnPRTiwb4zY6NgA==
  dependencies:
    "@xml-tools/parser" "^1.0.11"
    prettier ">=2.3"

"@types/eslint@^7.2.13":
  version "7.29.0"
  resolved "7.29.0"
  integrity sha512-VNcvioYDH8/FxaeTKkM4/TiTwt6pBV9E3OfGmvaw8tPl0rrHCJ4Ll15HRT+pMiFAf/MLQvAzC+6RzUMEL9Ceng==
  dependencies:
    "@types/estree" "*"
    "@types/json-schema" "*"

"@types/estree@*":
  version "1.0.0"
  resolved "1.0.0"
  integrity sha512-WulqXMDUTYAXCjZnk6JtIHPigp55cVtDgDrO2gHRwhyJto21+1zbVCtOYB2L1F9w4qCQ0rOGWBnBe0FNTiEJIQ==

"@types/http-cache-semantics@*":
  version "4.0.1"
  resolved "4.0.1"
  integrity sha512-SZs7ekbP8CN0txVG2xVRH6EgKmEm31BOxA07vkFaETzZz1xh+cbt8BcI0slpymvwhx5dlFnQG2rTlPVQn+iRPQ==

"@types/istanbul-lib-coverage@*":
  version "2.0.4"
  resolved "2.0.4"
  integrity sha512-z/QT1XN4K4KYuslS23k62yDIDLwLFkzxOuMplDtObz0+y7VqJCaO2o+SPwHCvLFZh7xazvvoor2tA/hPz9ee7g==

"@types/istanbul-lib-coverage@^2.0.0":
  version "2.0.4"
  resolved "2.0.4"
  integrity sha512-z/QT1XN4K4KYuslS23k62yDIDLwLFkzxOuMplDtObz0+y7VqJCaO2o+SPwHCvLFZh7xazvvoor2tA/hPz9ee7g==

"@types/istanbul-lib-report@*":
  version "3.0.0"
  resolved "3.0.0"
  integrity sha512-plGgXAPfVKFoYfa9NpYDAkseG+g6Jr294RqeqcqDixSbU34MZVJRi/P+7Y8GDpzkEwLaGZZOpKIEmeVZNtKsrg==
  dependencies:
    "@types/istanbul-lib-coverage" "*"

"@types/istanbul-reports@^3.0.0":
  version "3.0.1"
  resolved "3.0.1"
  integrity sha512-c3mAZEuK0lvBp8tmuL74XRKn1+y2dcwOUpH7x4WrF6gk1GIgiluDRgMYQtw2OFcBvAJWlt6ASU3tSqxp0Uu0Aw==
  dependencies:
    "@types/istanbul-lib-report" "*"

"@types/json-schema@*":
  version "7.0.11"
  resolved "7.0.11"
  integrity sha512-wOuvG1SN4Us4rez+tylwwwCV1psiNVOkJeM3AUWUNWg/jDQY2+HE/444y5gc+jBmRqASOm2Oeh5c1axHobwRKQ==

"@types/json-schema@^7.0.9":
  version "7.0.11"
  resolved "7.0.11"
  integrity sha512-wOuvG1SN4Us4rez+tylwwwCV1psiNVOkJeM3AUWUNWg/jDQY2+HE/444y5gc+jBmRqASOm2Oeh5c1axHobwRKQ==

"@types/keyv@*":
  version "3.1.4"
  resolved "3.1.4"
  integrity sha512-BQ5aZNSCpj7D6K2ksrRCTmKRLEpnPvWDiLPfoGyhZ++8YtiK9d/3DBKPJgry359X/P1PfruyYwvnvwFjuEiEIg==
  dependencies:
    "@types/node" "*"

"@types/ms@*":
  version "0.7.31"
  resolved "0.7.31"
  integrity sha512-iiUgKzV9AuaEkZqkOLDIvlQiL6ltuZd9tGcW3gwpnX8JbuiuhFlEGmmFXEXkN50Cvq7Os88IY2v0dkDqXYWVgA==

"@types/responselike@*":
  version "1.0.0"
  resolved "1.0.0"
  integrity sha512-85Y2BjiufFzaMIlvJDvTTB8Fxl2xfLo4HgmHzVBz08w4wDePCTjYw66PdrolO0kzli3yam/YCgRufyo1DdQVTA==
  dependencies:
    "@types/node" "*"

"@types/unist@*":
  version "2.0.6"
  resolved "2.0.6"
  integrity sha512-PBjIUxZHOuj0R15/xuwJYjFi+KZdNFrehocChv4g5hu6aFroHue8m0lBP0POdK2nKzbw0cgV1mws8+V/JAcEkQ==

"@types/yargs-parser@*":
  version "21.0.0"
  resolved "21.0.0"
  integrity sha512-iO9ZQHkZxHn4mSakYV0vFHAVDyEOIJQrV2uZ06HxEPcx+mt8swXoZHIbaaJ2crJYFfErySgktuTZ3BeLz+XmFA==

"@types/yargs@^15.0.0":
  version "17.0.13"
  resolved "17.0.13"
  integrity sha512-9sWaruZk2JGxIQU+IhI1fhPYRcQ0UuTNuKuCW9bR5fp7qi2Llf7WDzNa17Cy7TKnh3cdxDOiyTu6gaLS0eDatg==
  dependencies:
    "@types/yargs-parser" "*"

"@typescript-eslint/eslint-plugin@^5.0.0":
  version "5.38.0"
  resolved "5.38.0"
  integrity sha512-GgHi/GNuUbTOeoJiEANi0oI6fF3gBQc3bGFYj40nnAPCbhrtEDf2rjBmefFadweBmO1Du1YovHeDP2h5JLhtTQ==
  dependencies:
    "@typescript-eslint/scope-manager" "5.38.0"
    "@typescript-eslint/type-utils" "5.38.0"
    "@typescript-eslint/utils" "5.38.0"
    debug "^4.3.4"
    ignore "^5.2.0"
    regexpp "^3.2.0"
    semver "^7.3.7"
    tsutils "^3.21.0"

"@typescript-eslint/eslint-plugin@^5.35.1":
  version "5.38.0"
  resolved "5.38.0"
  integrity sha512-GgHi/GNuUbTOeoJiEANi0oI6fF3gBQc3bGFYj40nnAPCbhrtEDf2rjBmefFadweBmO1Du1YovHeDP2h5JLhtTQ==
  dependencies:
    "@typescript-eslint/scope-manager" "5.38.0"
    "@typescript-eslint/type-utils" "5.38.0"
    "@typescript-eslint/utils" "5.38.0"
    debug "^4.3.4"
    ignore "^5.2.0"
    regexpp "^3.2.0"
    semver "^7.3.7"
    tsutils "^3.21.0"

"@typescript-eslint/experimental-utils@^2.27.0":
  version "5.38.0"
  resolved "5.38.0"
  integrity sha512-kzXBRfvGlicgGk4CYuRUqKvwc2s3wHXNssUWWJU18bhMRxriFm3BZWyQ6vEHBRpEIMKB6b7MIQHO+9lYlts19w==
  dependencies:
    "@typescript-eslint/utils" "5.38.0"

"@typescript-eslint/experimental-utils@^5.0.0":
  version "5.38.0"
  resolved "5.38.0"
  integrity sha512-kzXBRfvGlicgGk4CYuRUqKvwc2s3wHXNssUWWJU18bhMRxriFm3BZWyQ6vEHBRpEIMKB6b7MIQHO+9lYlts19w==
  dependencies:
    "@typescript-eslint/utils" "5.38.0"

"@typescript-eslint/parser@^5.35.1":
  version "5.38.0"
  resolved "5.38.0"
  integrity sha512-/F63giJGLDr0ms1Cr8utDAxP2SPiglaD6V+pCOcG35P2jCqdfR7uuEhz1GIC3oy4hkUF8xA1XSXmd9hOh/a5EA==
  dependencies:
    "@typescript-eslint/scope-manager" "5.38.0"
    "@typescript-eslint/types" "5.38.0"
    "@typescript-eslint/typescript-estree" "5.38.0"
    debug "^4.3.4"

"@typescript-eslint/scope-manager@5.38.0":
  version "5.38.0"
  resolved "5.38.0"
  integrity sha512-ByhHIuNyKD9giwkkLqzezZ9y5bALW8VNY6xXcP+VxoH4JBDKjU5WNnsiD4HJdglHECdV+lyaxhvQjTUbRboiTA==
  dependencies:
    "@typescript-eslint/types" "5.38.0"
    "@typescript-eslint/visitor-keys" "5.38.0"

"@typescript-eslint/type-utils@5.38.0":
  version "5.38.0"
  resolved "5.38.0"
  integrity sha512-iZq5USgybUcj/lfnbuelJ0j3K9dbs1I3RICAJY9NZZpDgBYXmuUlYQGzftpQA9wC8cKgtS6DASTvF3HrXwwozA==
  dependencies:
    "@typescript-eslint/typescript-estree" "5.38.0"
    "@typescript-eslint/utils" "5.38.0"
    debug "^4.3.4"
    tsutils "^3.21.0"

"@typescript-eslint/types@5.38.0":
  version "5.38.0"
  resolved "5.38.0"
  integrity sha512-HHu4yMjJ7i3Cb+8NUuRCdOGu2VMkfmKyIJsOr9PfkBVYLYrtMCK/Ap50Rpov+iKpxDTfnqvDbuPLgBE5FwUNfA==

"@typescript-eslint/typescript-estree@5.38.0":
  version "5.38.0"
  resolved "5.38.0"
  integrity sha512-6P0RuphkR+UuV7Avv7MU3hFoWaGcrgOdi8eTe1NwhMp2/GjUJoODBTRWzlHpZh6lFOaPmSvgxGlROa0Sg5Zbyg==
  dependencies:
    "@typescript-eslint/types" "5.38.0"
    "@typescript-eslint/visitor-keys" "5.38.0"
    debug "^4.3.4"
    globby "^11.1.0"
    is-glob "^4.0.3"
    semver "^7.3.7"
    tsutils "^3.21.0"

"@typescript-eslint/utils@5.38.0":
  version "5.38.0"
  resolved "5.38.0"
  integrity sha512-6sdeYaBgk9Fh7N2unEXGz+D+som2QCQGPAf1SxrkEr+Z32gMreQ0rparXTNGRRfYUWk/JzbGdcM8NSSd6oqnTA==
  dependencies:
    "@types/json-schema" "^7.0.9"
    "@typescript-eslint/scope-manager" "5.38.0"
    "@typescript-eslint/types" "5.38.0"
    "@typescript-eslint/typescript-estree" "5.38.0"
    eslint-scope "^5.1.1"
    eslint-utils "^3.0.0"

"@typescript-eslint/utils@^5.10.2":
  version "5.38.0"
  resolved "5.38.0"
  integrity sha512-6sdeYaBgk9Fh7N2unEXGz+D+som2QCQGPAf1SxrkEr+Z32gMreQ0rparXTNGRRfYUWk/JzbGdcM8NSSd6oqnTA==
  dependencies:
    "@types/json-schema" "^7.0.9"
    "@typescript-eslint/scope-manager" "5.38.0"
    "@typescript-eslint/types" "5.38.0"
    "@typescript-eslint/typescript-estree" "5.38.0"
    eslint-scope "^5.1.1"
    eslint-utils "^3.0.0"

"@typescript-eslint/visitor-keys@5.38.0":
  version "5.38.0"
  resolved "5.38.0"
  integrity sha512-MxnrdIyArnTi+XyFLR+kt/uNAcdOnmT+879os7qDRI+EYySR4crXJq9BXPfRzzLGq0wgxkwidrCJ9WCAoacm1w==
  dependencies:
    "@typescript-eslint/types" "5.38.0"
    eslint-visitor-keys "^3.3.0"

create-eslint-index@^1.0.0:
  version "1.0.0"
  resolved "1.0.0"
  integrity sha512-nXvJjnfDytOOaPOonX0h0a1ggMoqrhdekGeZkD6hkcWYvlCWhU719tKFVh8eU04CnMwu3uwe1JjwuUF2C3k2qg==
  dependencies:
    lodash.get "^4.3.0"

eslint-ast-utils@^1.0.0:
  version "1.1.0"
  resolved "1.1.0"
  integrity sha512-otzzTim2/1+lVrlH19EfQQJEhVJSu0zOb9ygb3iapN6UlyaDtyRq4b5U1FuW0v1lRa9Fp/GJyHkSwm6NqABgCA==
  dependencies:
    lodash.get "^4.4.2"
    lodash.zip "^4.2.0"

eslint-config-prettier@^8.5.0:
  version "8.5.0"
  resolved "8.5.0"
  integrity sha512-obmWKLUNCnhtQRKc+tmnYuQl0pFU1ibYJQ5BGhTVB08bHe9wC8qUeG7c08dj9XX+AuPj1YSGSQIHl1pnDHZR0Q==

eslint-config-strict-mode@latest:
  version "1.2.0"
  resolved "1.2.0"
  integrity sha512-J3QsWIqxWvhScst18l7zUjCzvRX6rJ5F/i84YDID1/qybkIAA51OnxRgmRWL7do9ahBetZrgwrYovyixh7N2aQ==
  dependencies:
    "@typescript-eslint/eslint-plugin" "^5.35.1"
    "@typescript-eslint/parser" "^5.35.1"
    eslint "^8.23.0"
    eslint-config-prettier "^8.5.0"
    eslint-formatter-git-log "^0.5.4"
    eslint-formatter-gitlab "^3.0.0"
    eslint-formatter-pretty "^4.1.0"
    eslint-formatter-summary "^1.1.0"
    eslint-plugin-angular "^4.1.0"
    eslint-plugin-array-func "^3.1.7"
    eslint-plugin-diff "^1.0.15"
    eslint-plugin-editorconfig "^3.2.0"
    eslint-plugin-eslint-comments "^3.2.0"
    eslint-plugin-etc "^2.0.2"
    eslint-plugin-ext "^0.1.0"
    eslint-plugin-filenames "^1.3.2"
    eslint-plugin-fp "^2.3.0"
    eslint-plugin-functional "^4.2.2"
    eslint-plugin-html "^6.2.0"
    eslint-plugin-import "^2.26.0"
    eslint-plugin-jest "^25.7.0"
    eslint-plugin-jest-async "^1.0.3"
    eslint-plugin-jest-dom "^3.9.4"
    eslint-plugin-jest-formatting "^3.1.0"
    eslint-plugin-jsdoc "^37.9.7"
    eslint-plugin-jsonc "^1.7.0"
    eslint-plugin-no-constructor-bind "^2.0.4"
    eslint-plugin-no-explicit-type-exports "^0.12.1"
    eslint-plugin-no-secrets "^0.8.9"
    eslint-plugin-no-unsanitized "^3.2.0"
    eslint-plugin-no-use-extend-native "^0.5.0"
    eslint-plugin-node "^11.1.0"
    eslint-plugin-optimize-regex "^1.2.1"
    eslint-plugin-prefer-arrow "^1.2.3"
    eslint-plugin-prettier "^4.2.1"
    eslint-plugin-promise "^5.2.0"
    eslint-plugin-regexp "^1.9.0"
    eslint-plugin-rxjs "^4.0.4"
    eslint-plugin-security "^1.5.0"
    eslint-plugin-sonarjs "^0.10.0"
    eslint-plugin-sort-class-members "^1.14.1"
    eslint-plugin-sort-keys-fix "^1.1.2"
    eslint-plugin-switch-case "^1.1.2"
    eslint-plugin-toml "^0.2.0"
    eslint-plugin-tsdoc "^0.2.16"
    eslint-plugin-typescript-sort-keys "^2.1.0"
    eslint-plugin-unicorn "^37.0.1"
    eslint-plugin-unused-imports "^1.1.5"
    eslint-plugin-woke "^1.0.1"
    eslint-plugin-yml "^0.10.1"
    glob "^7.2.3"
    parse-gitignore "^1.0.1"
    tslib latest
    yaml "^1.10.2"

eslint-etc@^5.1.0:
  version "5.2.0"
  resolved "5.2.0"
  integrity sha512-Gcm/NMa349FOXb1PEEfNMMyIANuorIc2/mI5Vfu1zENNsz+FBVhF62uY6gPUCigm/xDOc8JOnl+71WGnlzlDag==
  dependencies:
    "@typescript-eslint/experimental-utils" "^5.0.0"
    tsutils "^3.17.1"
    tsutils-etc "^1.4.1"

eslint-formatter-git-log@^0.5.4:
  version "0.5.4"
  resolved "0.5.4"
  integrity sha512-jNAfbYsNTZgT/P/25+EPV5QjTjyKmlZU9dFR1hTF/woE9ClIyKiBXlhs0k+e5UPL5K0BbtbHoSGseWk6fdGCfQ==
  dependencies:
    chalk "4.1.2"

eslint-formatter-gitlab@^3.0.0:
  version "3.0.0"
  resolved "3.0.0"
  integrity sha512-fqZ2G45rgbrHcFunqmwuG5Qo6QAOlxEsR+KdOP08T1Xegw5tJhHh9KFWMSct8q6x8xCMUyYGHypZd342bLUttA==
  dependencies:
    chalk "^4.0.0"
    js-yaml "^4.0.0"

eslint-formatter-pretty@^4.1.0:
  version "4.1.0"
  resolved "4.1.0"
  integrity sha512-IsUTtGxF1hrH6lMWiSl1WbGaiP01eT6kzywdY1U+zLc0MP+nwEnUiS9UI8IaOTUhTeQJLlCEWIbXINBH4YJbBQ==
  dependencies:
    "@types/eslint" "^7.2.13"
    ansi-escapes "^4.2.1"
    chalk "^4.1.0"
    eslint-rule-docs "^1.1.5"
    log-symbols "^4.0.0"
    plur "^4.0.0"
    string-width "^4.2.0"
    supports-hyperlinks "^2.0.0"

eslint-formatter-summary@^1.1.0:
  version "1.1.0"
  resolved "1.1.0"
  integrity sha512-teOh471ZYeEShXhBFb16X87buUjNZa2TMNn3CSf//DIKLNneqbk7u5i9hDDiIaQVvZbBXJHkgYxj8urcNKWbXw==
  dependencies:
    chalk "^4.1.0"
    core-js "^3.9.1"
  optionalDependencies:
    np "^7.4.0"

eslint-import-resolver-node@^0.3.2:
  version "0.3.6"
  resolved "0.3.6"
  integrity sha512-0En0w03NRVMn9Uiyn8YRPDKvWjxCWkslUEhGNTdGx15RvPJYQ+lbOlqrlNI2vEAs4pDYK4f/HN2TbDmk5TP0iw==
  dependencies:
    debug "^3.2.7"
    resolve "^1.20.0"

eslint-import-resolver-node@^0.3.6:
  version "0.3.6"
  resolved "0.3.6"
  integrity sha512-0En0w03NRVMn9Uiyn8YRPDKvWjxCWkslUEhGNTdGx15RvPJYQ+lbOlqrlNI2vEAs4pDYK4f/HN2TbDmk5TP0iw==
  dependencies:
    debug "^3.2.7"
    resolve "^1.20.0"

eslint-module-utils@^2.4.1:
  version "2.7.4"
  resolved "2.7.4"
  integrity sha512-j4GT+rqzCoRKHwURX7pddtIPGySnX9Si/cgMI5ztrcqOPtk5dDEeZ34CQVPphnqkJytlc97Vuk05Um2mJ3gEQA==
  dependencies:
    debug "^3.2.7"

eslint-module-utils@^2.7.3:
  version "2.7.4"
  resolved "2.7.4"
  integrity sha512-j4GT+rqzCoRKHwURX7pddtIPGySnX9Si/cgMI5ztrcqOPtk5dDEeZ34CQVPphnqkJytlc97Vuk05Um2mJ3gEQA==
  dependencies:
    debug "^3.2.7"

eslint-plugin-angular@^4.1.0:
  version "4.1.0"
  resolved "4.1.0"
  integrity sha512-dacledMPxVOZA3T0xcYFuvrMCy5dHxg0ZTMWUaHqSBQef3/XLyXJ9s1LNj0NikJ/dYx6OhqlnnNpKmrJhEUB+Q==

eslint-plugin-array-func@^3.1.7:
  version "3.1.7"
  resolved "3.1.7"
  integrity sha512-fB5TBICjHSTGToNTbCCgR8zsngpUkoCM31EMh/M/NEAyNg90i5rUuG0dnNNBML2n0BzM0nBE3sPvo2SEWf6jlA==

eslint-plugin-diff@^1.0.15:
  version "1.0.15"
  resolved "1.0.15"
  integrity sha512-74TAfyn7OeIS2/VUIQm4U00/A8BAE7JjB+fwr4/azAG08zhBeWSCHsw/HXUfJ/Gz2QjA8Y+p16AW/JY3mYkMqg==

eslint-plugin-editorconfig@^3.2.0:
  version "3.2.0"
  resolved "3.2.0"
  integrity sha512-XiUg69+qgv6BekkPCjP8+2DMODzPqtLV5i0Q9FO1v40P62pfodG1vjIihVbw/338hS5W26S+8MTtXaAlrg37QQ==
  dependencies:
    "@typescript-eslint/eslint-plugin" "^5.0.0"
    editorconfig "^0.15.0"
    eslint "^8.0.1"
    klona "^2.0.4"

eslint-plugin-es@^3.0.0:
  version "3.0.1"
  resolved "3.0.1"
  integrity sha512-GUmAsJaN4Fc7Gbtl8uOBlayo2DqhwWvEzykMHSCZHU3XdJ+NSzzZcVhXh3VxX5icqQ+oQdIEawXX8xkR3mIFmQ==
  dependencies:
    eslint-utils "^2.0.0"
    regexpp "^3.0.0"

eslint-plugin-eslint-comments@^3.2.0:
  version "3.2.0"
  resolved "3.2.0"
  integrity sha512-0jkOl0hfojIHHmEHgmNdqv4fmh7300NdpA9FFpF7zaoLvB/QeXOGNLIo86oAveJFrfB1p05kC8hpEMHM8DwWVQ==
  dependencies:
    escape-string-regexp "^1.0.5"
    ignore "^5.0.5"

eslint-plugin-etc@^2.0.2:
  version "2.0.2"
  resolved "2.0.2"
  integrity sha512-g3b95LCdTCwZA8On9EICYL8m1NMWaiGfmNUd/ftZTeGZDXrwujKXUr+unYzqKjKFo1EbqJ31vt+Dqzrdm/sUcw==
  dependencies:
    "@phenomnomnominal/tsquery" "^4.0.0"
    "@typescript-eslint/experimental-utils" "^5.0.0"
    eslint-etc "^5.1.0"
    requireindex "~1.2.0"
    tslib "^2.0.0"
    tsutils "^3.0.0"

eslint-plugin-ext@^0.1.0:
  version "0.1.0"
  resolved "0.1.0"
  integrity sha512-CbZgte+kC8u6uymkwtgDPHLgA3IRbhermH88o9VXDh4Pa1ds1QIo0ojJc+mvq5zjf3mm4GT/pTTFYZT9nQORyg==

eslint-plugin-filenames@^1.3.2:
  version "1.3.2"
  resolved "1.3.2"
  integrity sha512-tqxJTiEM5a0JmRCUYQmxw23vtTxrb2+a3Q2mMOPhFxvt7ZQQJmdiuMby9B/vUAuVMghyP7oET+nIf6EO6CBd/w==
  dependencies:
    lodash.camelcase "4.3.0"
    lodash.kebabcase "4.1.1"
    lodash.snakecase "4.1.1"
    lodash.upperfirst "4.3.1"

eslint-plugin-fp@^2.3.0:
  version "2.3.0"
  resolved "2.3.0"
  integrity sha512-3n2oHibwoIxAht9/+ZaTldhI6brXORgl8oNXqZd+d9xuAQt2SBJ2/aml0oQRMWvXrgsz2WG6wfC++NjzSG3prA==
  dependencies:
    create-eslint-index "^1.0.0"
    eslint-ast-utils "^1.0.0"
    lodash "^4.13.1"
    req-all "^0.1.0"

eslint-plugin-functional@^4.2.2:
  version "4.4.0"
  resolved "4.4.0"
  integrity sha512-DY/Iax9knIgzvxhVeSe+KoF9e4imLvzCvUEN1a+bWciDiBi3s1CG/1fw7AQVXoAqoNw9eYuP7C2u3OtHzMFy+A==
  dependencies:
    "@typescript-eslint/utils" "^5.10.2"
    deepmerge-ts "^4.0.3"
    escape-string-regexp "^4.0.0"
    semver "^7.3.7"

eslint-plugin-html@^6.2.0:
  version "6.2.0"
  resolved "6.2.0"
  integrity sha512-vi3NW0E8AJombTvt8beMwkL1R/fdRWl4QSNRNMhVQKWm36/X0KF0unGNAY4mqUF06mnwVWZcIcerrCnfn9025g==
  dependencies:
    htmlparser2 "^7.1.2"

eslint-plugin-import@^2.26.0:
  version "2.26.0"
  resolved "2.26.0"
  integrity sha512-hYfi3FXaM8WPLf4S1cikh/r4IxnO6zrhZbEGz2b660EJRbuxgpDS5gkCuYgGWg2xxh2rBuIr4Pvhve/7c31koA==
  dependencies:
    array-includes "^3.1.4"
    array.prototype.flat "^1.2.5"
    debug "^2.6.9"
    doctrine "^2.1.0"
    eslint-import-resolver-node "^0.3.6"
    eslint-module-utils "^2.7.3"
    has "^1.0.3"
    is-core-module "^2.8.1"
    is-glob "^4.0.3"
    minimatch "^3.1.2"
    object.values "^1.1.5"
    resolve "^1.22.0"
    tsconfig-paths "^3.14.1"

eslint-plugin-jest-async@^1.0.3:
  version "1.0.3"
  resolved "1.0.3"
  integrity sha512-NgpO6L9IWWgxxqbqvN+mCbGs4MMBsALpvagOFnWJgsQSkyYVmMzYwVe2b4Wpak3sfl8sPK13vnpqsEBNlpyTlQ==
  dependencies:
    requireindex "~1.1.0"

eslint-plugin-jest-dom@^3.9.4:
  version "3.9.4"
  resolved "3.9.4"
  integrity sha512-VRkaALGIhyxinnewZFHe2WJsRWp3TONpXysVXK1IUNJHCpJAIM9yRrI7fQ8i5F6UYE7+DAnvNhSSJZesLTonug==
  dependencies:
    "@babel/runtime" "^7.16.3"
    "@testing-library/dom" "^7.31.2"
    requireindex "^1.2.0"

eslint-plugin-jest-formatting@^3.1.0:
  version "3.1.0"
  resolved "3.1.0"
  integrity sha512-XyysraZ1JSgGbLSDxjj5HzKKh0glgWf+7CkqxbTqb7zEhW7X2WHo5SBQ8cGhnszKN+2Lj3/oevBlHNbHezoc/A==

eslint-plugin-jest@^25.7.0:
  version "25.7.0"
  resolved "25.7.0"
  integrity sha512-PWLUEXeeF7C9QGKqvdSbzLOiLTx+bno7/HC9eefePfEb257QFHg7ye3dh80AZVkaa/RQsBB1Q/ORQvg2X7F0NQ==
  dependencies:
    "@typescript-eslint/experimental-utils" "^5.0.0"

eslint-plugin-jsdoc@^37.9.7:
  version "37.9.7"
  resolved "37.9.7"
  integrity sha512-8alON8yYcStY94o0HycU2zkLKQdcS+qhhOUNQpfONHHwvI99afbmfpYuPqf6PbLz5pLZldG3Te5I0RbAiTN42g==
  dependencies:
    "@es-joy/jsdoccomment" "~0.20.1"
    comment-parser "1.3.0"
    debug "^4.3.3"
    escape-string-regexp "^4.0.0"
    esquery "^1.4.0"
    regextras "^0.8.0"
    semver "^7.3.5"
    spdx-expression-parse "^3.0.1"

eslint-plugin-jsonc@^1.7.0:
  version "1.7.0"
  resolved "1.7.0"
  integrity sha512-pb3CAD9B0zhv3r9Bg9AdzswL50I3mbIq1ys+tNeuaDeibFlweo84SBNm22oqaFx/Dka+YZw2SLukAkQlJzSHMQ==
  dependencies:
    eslint-utils "^2.1.0 || ^3.0.0"
    jsonc-eslint-parser "^1.4.1"
    natural-compare "^1.4.0"

eslint-plugin-no-constructor-bind@^2.0.4:
  version "2.0.4"
  resolved "2.0.4"
  integrity sha512-r0CGAE5SrRYt1OdACNiZGiOcBbFslKIPnMrFo3kPmX3iKZOm8HRD2eIbqhlc9lSSiBWcPZxXErXnroqgt+dKBg==
  dependencies:
    requireindex "~1.2.0"

eslint-plugin-no-explicit-type-exports@^0.12.1:
  version "0.12.1"
  resolved "0.12.1"
  integrity sha512-m1v/f+LYVygCY735KfCovkoXYPbZH5zxEj/tuLOnMwX/qbJEJoRb9evul88Ois5HidvKbiMdMg/tXU55Ki++jg==
  dependencies:
    "@typescript-eslint/experimental-utils" "^2.27.0"
    eslint-import-resolver-node "^0.3.2"
    eslint-module-utils "^2.4.1"

eslint-plugin-no-secrets@^0.8.9:
  version "0.8.9"
  resolved "0.8.9"
  integrity sha512-CqaBxXrImABCtxMWspAnm8d5UKkpNylC7zqVveb+fJHEvsSiNGJlSWzdSIvBUnW1XhJXkzifNIZQC08rEII5Ng==

eslint-plugin-no-unsanitized@^3.2.0:
  version "3.2.0"
  resolved "3.2.0"
  integrity sha512-92opuXbjWmXcod94EyCKhp36V1QHLM/ArAST2ssgKOojALne0eZvSPfrg4oyr0EwTXvy0RJNe/Tkm33VkDUrKQ==

eslint-plugin-no-use-extend-native@^0.5.0:
  version "0.5.0"
  resolved "0.5.0"
  integrity sha512-dBNjs8hor8rJgeXLH4HTut5eD3RGWf9JUsadIfuL7UosVQ/dnvOKwxEcRrXrFxrMZ8llUVWT+hOimxJABsAUzQ==
  dependencies:
    is-get-set-prop "^1.0.0"
    is-js-type "^2.0.0"
    is-obj-prop "^1.0.0"
    is-proto-prop "^2.0.0"

eslint-plugin-node@^11.1.0:
  version "11.1.0"
  resolved "11.1.0"
  integrity sha512-oUwtPJ1W0SKD0Tr+wqu92c5xuCeQqB3hSCHasn/ZgjFdA9iDGNkNf2Zi9ztY7X+hNuMib23LNGRm6+uN+KLE3g==
  dependencies:
    eslint-plugin-es "^3.0.0"
    eslint-utils "^2.0.0"
    ignore "^5.1.1"
    minimatch "^3.0.4"
    resolve "^1.10.1"
    semver "^6.1.0"

eslint-plugin-optimize-regex@^1.2.1:
  version "1.2.1"
  resolved "1.2.1"
  integrity sha512-fUaU7Tj1G/KSTDTABJw4Wp427Rl7RPl9ViYTu1Jrv36fJw4DFhd4elPdXiuYtdPsNsvzn9GcVlKEssGIVjw0UQ==
  dependencies:
    regexp-tree "^0.1.21"

eslint-plugin-prefer-arrow@^1.2.3:
  version "1.2.3"
  resolved "1.2.3"
  integrity sha512-J9I5PKCOJretVuiZRGvPQxCbllxGAV/viI20JO3LYblAodofBxyMnZAJ+WGeClHgANnSJberTNoFWWjrWKBuXQ==

eslint-plugin-prettier@^4.2.1:
  version "4.2.1"
  resolved "4.2.1"
  integrity sha512-f/0rXLXUt0oFYs8ra4w49wYZBG5GKZpAYsJSm6rnYL5uVDjd+zowwMwVZHnAjf4edNrKpCDYfXDgmRE/Ak7QyQ==
  dependencies:
    prettier-linter-helpers "^1.0.0"

eslint-plugin-promise@^5.2.0:
  version "5.2.0"
  resolved "5.2.0"
  integrity sha512-SftLb1pUG01QYq2A/hGAWfDRXqYD82zE7j7TopDOyNdU+7SvvoXREls/+PRTY17vUXzXnZA/zfnyKgRH6x4JJw==

eslint-plugin-regexp@^1.9.0:
  version "1.9.0"
  resolved "1.9.0"
  integrity sha512-Che49IZ07w9KcKvrMiqfwBYv44VBunA4NqUo+UTLluYbCos9Du3+pnhkPTLTAx6ZoZ1Rmz7u7o2iC6g6qCuvxw==
  dependencies:
    comment-parser "^1.1.2"
    eslint-utils "^3.0.0"
    grapheme-splitter "^1.0.4"
    jsdoctypeparser "^9.0.0"
    refa "^0.9.0"
    regexp-ast-analysis "^0.5.1"
    regexpp "^3.2.0"
    scslre "^0.1.6"

eslint-plugin-rxjs@^4.0.4:
  version "4.0.4"
  resolved "4.0.4"
  integrity sha512-7JopYQRqS5TYBNXioTLtS+W6+IKC1rsC7q8Dtou8E5gMuPxuEFqxU1x2161bwadaK3+h6sR+xiGjEhiE6JwjUA==
  dependencies:
    "@typescript-eslint/experimental-utils" "^5.0.0"
    common-tags "^1.8.0"
    decamelize "^5.0.0"
    eslint-etc "^5.1.0"
    requireindex "~1.2.0"
    rxjs-report-usage "^1.0.4"
    tslib "^2.0.0"
    tsutils "^3.0.0"
    tsutils-etc "^1.4.1"

eslint-plugin-security@^1.5.0:
  version "1.5.0"
  resolved "1.5.0"
  integrity sha512-hAFVwLZ/UeXrlyVD2TDarv/x00CoFVpaY0IUZhKjPjiFxqkuQVixsK4f2rxngeQOqSxi6OUjzJM/jMwKEVjJ8g==
  dependencies:
    safe-regex "^2.1.1"

eslint-plugin-sonarjs@^0.10.0:
  version "0.10.0"
  resolved "0.10.0"
  integrity sha512-FBRIBmWQh2UAfuLSnuYEfmle33jIup9hfkR0X8pkfjeCKNpHUG8qyZI63ahs3aw8CJrv47QJ9ccdK3ZxKH016A==

eslint-plugin-sort-class-members@^1.14.1:
  version "1.15.2"
  resolved "1.15.2"
  integrity sha512-QDbNL3VY8yFhLsa951zN6eEdul3jpH2slOIWIxbmDlsdZ71sqVDvboUq3egWjqmPeLg5eaxCmWOTLVK3gOJSfQ==

eslint-plugin-sort-keys-fix@^1.1.2:
  version "1.1.2"
  resolved "1.1.2"
  integrity sha512-DNPHFGCA0/hZIsfODbeLZqaGY/+q3vgtshF85r+YWDNCQ2apd9PNs/zL6ttKm0nD1IFwvxyg3YOTI7FHl4unrw==
  dependencies:
    espree "^6.1.2"
    esutils "^2.0.2"
    natural-compare "^1.4.0"
    requireindex "~1.2.0"

eslint-plugin-switch-case@^1.1.2:
  version "1.1.2"
  resolved "1.1.2"
  integrity sha512-mhDdJ6WX5LKv0PccziefBGPhIryJamgd3vTNqhEZUBeTGUeGdsgttwU/68xOViyScwr8RqCwTGC2Pd1cPYGNRg==
  dependencies:
    lodash.last "^3.0.0"
    lodash.zipobject "^4.0.0"

eslint-plugin-toml@^0.2.0:
  version "0.2.0"
  resolved "0.2.0"
  integrity sha512-Y4eGb9q7i0i+UyZAXl3QAqcxkds2X7tfctXPllL7X+PpBXD/3wiqq1RNeoiLmHI9evpO1BjyuakffJZuGM7ElA==
  dependencies:
    debug "^4.1.1"
    lodash "^4.17.19"
    toml-eslint-parser "^0.2.1"

eslint-plugin-tsdoc@^0.2.16:
  version "0.2.17"
  resolved "0.2.17"
  integrity sha512-xRmVi7Zx44lOBuYqG8vzTXuL6IdGOeF9nHX17bjJ8+VE6fsxpdGem0/SBTmAwgYMKYB1WBkqRJVQ+n8GK041pA==
  dependencies:
    "@microsoft/tsdoc" "0.14.2"
    "@microsoft/tsdoc-config" "0.16.2"

eslint-plugin-typescript-sort-keys@^2.1.0:
  version "2.1.0"
  resolved "2.1.0"
  integrity sha512-ET7ABypdz19m47QnKynzNfWPi4CTNQ5jQQC1X5d0gojIwblkbGiCa5IilsqzBTmqxZ0yXDqKBO/GBkBFQCOFsg==
  dependencies:
    "@typescript-eslint/experimental-utils" "^5.0.0"
    json-schema "^0.4.0"
    natural-compare-lite "^1.4.0"

eslint-plugin-unicorn@^37.0.1:
  version "37.0.1"
  resolved "37.0.1"
  integrity sha512-E1jq5u9ojnadisJcPi+hMXTGSiIzkIUMDvWsBudsCGXvKUB2aNSU2TcfyW2/jAS5A4ryBXfzxLykMxX1EdluSQ==
  dependencies:
    "@babel/helper-validator-identifier" "^7.14.9"
    ci-info "^3.2.0"
    clean-regexp "^1.0.0"
    eslint-template-visitor "^2.3.2"
    eslint-utils "^3.0.0"
    esquery "^1.4.0"
    indent-string "4"
    is-builtin-module "^3.1.0"
    lodash "^4.17.21"
    pluralize "^8.0.0"
    read-pkg-up "^7.0.1"
    regexp-tree "^0.1.23"
    safe-regex "^2.1.1"
    semver "^7.3.5"
    strip-indent "^3.0.0"

eslint-plugin-unused-imports@^1.1.5:
  version "1.1.5"
  resolved "1.1.5"
  integrity sha512-TeV8l8zkLQrq9LBeYFCQmYVIXMjfHgdRQLw7dEZp4ZB3PeR10Y5Uif11heCsHRmhdRIYMoewr1d9ouUHLbLHew==
  dependencies:
    eslint-rule-composer "^0.3.0"

eslint-plugin-woke@^1.0.1:
  version "1.0.1"
  resolved "1.0.1"
  integrity sha512-cDRyZMNJkrbycju6OKhGnF29j0kbzV9AnLk3IPz6Kn0vWrSf8RyUdS5at97o/CJ8SEN2e6furQch1o/0LIrfMg==
  dependencies:
    requireindex "~1.1.0"

eslint-plugin-yml@^0.10.1:
  version "0.10.1"
  resolved "0.10.1"
  integrity sha512-af0WgO3qaH+RW6jv1s6RzXKlg2NZLisN95lqGUf1KqBT6rEJyGSCpM49QYaSTvzmMaB/gcdbrnAfNoYwUn0Yig==
  dependencies:
    debug "^4.1.1"
    lodash "^4.17.19"
    natural-compare "^1.4.0"
    yaml-eslint-parser "^0.4.0"

eslint-rule-composer@^0.3.0:
  version "0.3.0"
  resolved "0.3.0"
  integrity sha512-bt+Sh8CtDmn2OajxvNO+BX7Wn4CIWMpTRm3MaiKPCQcnnlm0CS2mhui6QaoeQugs+3Kj2ESKEEGJUdVafwhiCg==

eslint-rule-docs@^1.1.5:
  version "1.1.235"
  resolved "1.1.235"
  integrity sha512-+TQ+x4JdTnDoFEXXb3fDvfGOwnyNV7duH8fXWTPD1ieaBmB8omj7Gw/pMBBu4uI2uJCCU8APDaQJzWuXnTsH4A==

eslint-scope@5.1.1:
  version "7.1.1"
  resolved "7.1.1"
  integrity sha512-QKQM/UXpIiHcLqJ5AOyIW7XZmzjkzQXYE54n1++wb0u9V/abW3l9uQnxX8Z5Xd18xyKIMTUAyQ0k1e8pz6LUrw==
  dependencies:
    esrecurse "^4.3.0"
    estraverse "^5.2.0"

eslint-scope@^5.1.1:
  version "7.1.1"
  resolved "7.1.1"
  integrity sha512-QKQM/UXpIiHcLqJ5AOyIW7XZmzjkzQXYE54n1++wb0u9V/abW3l9uQnxX8Z5Xd18xyKIMTUAyQ0k1e8pz6LUrw==
  dependencies:
    esrecurse "^4.3.0"
    estraverse "^5.2.0"

eslint-scope@^7.1.1:
  version "7.1.1"
  resolved "7.1.1"
  integrity sha512-QKQM/UXpIiHcLqJ5AOyIW7XZmzjkzQXYE54n1++wb0u9V/abW3l9uQnxX8Z5Xd18xyKIMTUAyQ0k1e8pz6LUrw==
  dependencies:
    esrecurse "^4.3.0"
    estraverse "^5.2.0"

eslint-template-visitor@^2.3.2:
  version "2.3.2"
  resolved "2.3.2"
  integrity sha512-3ydhqFpuV7x1M9EK52BPNj6V0Kwu0KKkcIAfpUhwHbR8ocRln/oUHgfxQupY8O1h4Qv/POHDumb/BwwNfxbtnA==
  dependencies:
    "@babel/core" "^7.12.16"
    "@babel/eslint-parser" "^7.12.16"
    eslint-visitor-keys "^2.0.0"
    esquery "^1.3.1"
    multimap "^1.1.0"

eslint-utils@^2.0.0:
  version "3.0.0"
  resolved "3.0.0"
  integrity sha512-uuQC43IGctw68pJA1RgbQS8/NP7rch6Cwd4j3ZBtgo4/8Flj4eGE7ZYSZRN3iq5pVUv6GPdW5Z1RFleo84uLDA==
  dependencies:
    eslint-visitor-keys "^2.0.0"

eslint-utils@^2.1.0:
  version "3.0.0"
  resolved "3.0.0"
  integrity sha512-uuQC43IGctw68pJA1RgbQS8/NP7rch6Cwd4j3ZBtgo4/8Flj4eGE7ZYSZRN3iq5pVUv6GPdW5Z1RFleo84uLDA==
  dependencies:
    eslint-visitor-keys "^2.0.0"

"eslint-utils@^2.1.0 || ^3.0.0":
  version "3.0.0"
  resolved "3.0.0"
  integrity sha512-uuQC43IGctw68pJA1RgbQS8/NP7rch6Cwd4j3ZBtgo4/8Flj4eGE7ZYSZRN3iq5pVUv6GPdW5Z1RFleo84uLDA==
  dependencies:
    eslint-visitor-keys "^2.0.0"

eslint-utils@^3.0.0:
  version "3.0.0"
  resolved "3.0.0"
  integrity sha512-uuQC43IGctw68pJA1RgbQS8/NP7rch6Cwd4j3ZBtgo4/8Flj4eGE7ZYSZRN3iq5pVUv6GPdW5Z1RFleo84uLDA==
  dependencies:
    eslint-visitor-keys "^2.0.0"

eslint-visitor-keys@^1.3.0:
  version "3.3.0"
  resolved "3.3.0"
  integrity sha512-mQ+suqKJVyeuwGYHAdjMFqjCyfl8+Ldnxuyp3ldiMBFKkvytrXUZWaiPCEav8qDHKty44bD+qV1IP4T+w+xXRA==

eslint-visitor-keys@^2.0.0:
  version "3.3.0"
  resolved "3.3.0"
  integrity sha512-mQ+suqKJVyeuwGYHAdjMFqjCyfl8+Ldnxuyp3ldiMBFKkvytrXUZWaiPCEav8qDHKty44bD+qV1IP4T+w+xXRA==

eslint-visitor-keys@^2.1.0:
  version "3.3.0"
  resolved "3.3.0"
  integrity sha512-mQ+suqKJVyeuwGYHAdjMFqjCyfl8+Ldnxuyp3ldiMBFKkvytrXUZWaiPCEav8qDHKty44bD+qV1IP4T+w+xXRA==

eslint-visitor-keys@^3.3.0:
  version "3.3.0"
  resolved "3.3.0"
  integrity sha512-mQ+suqKJVyeuwGYHAdjMFqjCyfl8+Ldnxuyp3ldiMBFKkvytrXUZWaiPCEav8qDHKty44bD+qV1IP4T+w+xXRA==

eslint@^8.0.1:
  version "8.24.0"
  resolved "8.24.0"
  integrity sha512-dWFaPhGhTAiPcCgm3f6LI2MBWbogMnTJzFBbhXVRQDJPkr9pGZvVjlVfXd+vyDcWPA2Ic9L2AXPIQM0+vk/cSQ==
  dependencies:
    "@eslint/eslintrc" "^1.3.2"
    "@humanwhocodes/config-array" "^0.10.5"
    "@humanwhocodes/gitignore-to-minimatch" "^1.0.2"
    "@humanwhocodes/module-importer" "^1.0.1"
    ajv "^6.10.0"
    chalk "^4.0.0"
    cross-spawn "^7.0.2"
    debug "^4.3.2"
    doctrine "^3.0.0"
    escape-string-regexp "^4.0.0"
    eslint-scope "^7.1.1"
    eslint-utils "^3.0.0"
    eslint-visitor-keys "^3.3.0"
    espree "^9.4.0"
    esquery "^1.4.0"
    esutils "^2.0.2"
    fast-deep-equal "^3.1.3"
    file-entry-cache "^6.0.1"
    find-up "^5.0.0"
    glob-parent "^6.0.1"
    globals "^13.15.0"
    globby "^11.1.0"
    grapheme-splitter "^1.0.4"
    ignore "^5.2.0"
    import-fresh "^3.0.0"
    imurmurhash "^0.1.4"
    is-glob "^4.0.0"
    js-sdsl "^4.1.4"
    js-yaml "^4.1.0"
    json-stable-stringify-without-jsonify "^1.0.1"
    levn "^0.4.1"
    lodash.merge "^4.6.2"
    minimatch "^3.1.2"
    natural-compare "^1.4.0"
    optionator "^0.9.1"
    regexpp "^3.2.0"
    strip-ansi "^6.0.1"
    strip-json-comments "^3.1.0"
    text-table "^0.2.0"

eslint@^8.23.0:
  version "8.24.0"
  resolved "8.24.0"
  integrity sha512-dWFaPhGhTAiPcCgm3f6LI2MBWbogMnTJzFBbhXVRQDJPkr9pGZvVjlVfXd+vyDcWPA2Ic9L2AXPIQM0+vk/cSQ==
  dependencies:
    "@eslint/eslintrc" "^1.3.2"
    "@humanwhocodes/config-array" "^0.10.5"
    "@humanwhocodes/gitignore-to-minimatch" "^1.0.2"
    "@humanwhocodes/module-importer" "^1.0.1"
    ajv "^6.10.0"
    chalk "^4.0.0"
    cross-spawn "^7.0.2"
    debug "^4.3.2"
    doctrine "^3.0.0"
    escape-string-regexp "^4.0.0"
    eslint-scope "^7.1.1"
    eslint-utils "^3.0.0"
    eslint-visitor-keys "^3.3.0"
    espree "^9.4.0"
    esquery "^1.4.0"
    esutils "^2.0.2"
    fast-deep-equal "^3.1.3"
    file-entry-cache "^6.0.1"
    find-up "^5.0.0"
    glob-parent "^6.0.1"
    globals "^13.15.0"
    globby "^11.1.0"
    grapheme-splitter "^1.0.4"
    ignore "^5.2.0"
    import-fresh "^3.0.0"
    imurmurhash "^0.1.4"
    is-glob "^4.0.0"
    js-sdsl "^4.1.4"
    js-yaml "^4.1.0"
    json-stable-stringify-without-jsonify "^1.0.1"
    levn "^0.4.1"
    lodash.merge "^4.6.2"
    minimatch "^3.1.2"
    natural-compare "^1.4.0"
    optionator "^0.9.1"
    regexpp "^3.2.0"
    strip-ansi "^6.0.1"
    strip-json-comments "^3.1.0"
    text-table "^0.2.0"

git-cz-emoji@latest:
  version "1.1.24"
  resolved "1.1.24"
  integrity sha512-m9XItxRoL6k/NCAeWubMJW2m3r29V6JkQSpZk5vtFY6IVJ8S4l6l7AVreOsRemKoWiVzxtb2I4xBbJNt1vlrNw==
  dependencies:
    chalk "^4.1.2"
    commitizen "^4.2.4"
    tslib "^2.3.1"
    word-wrap "^1.2.3"

handlebars-helpers@latest:
  version "0.10.0"
  resolved "0.10.0"
  integrity sha512-QiyhQz58u/DbuV41VnfpE0nhy6YCH4vB514ajysV8SoKmP+DxU+pR+fahVyNECHj+jiwEN2VrvxD/34/yHaLUg==
  dependencies:
    arr-flatten "^1.1.0"
    array-sort "^0.1.4"
    create-frame "^1.0.0"
    define-property "^1.0.0"
    "falsey" "^0.3.2"
    for-in "^1.0.2"
    for-own "^1.0.0"
    get-object "^0.2.0"
    get-value "^2.0.6"
    handlebars "^4.0.11"
    handlebars-helper-create-frame "^0.1.0"
    handlebars-utils "^1.0.6"
    has-value "^1.0.0"
    helper-date "^1.0.1"
    helper-markdown "^1.0.0"
    helper-md "^0.2.2"
    html-tag "^2.0.0"
    is-even "^1.0.0"
    is-glob "^4.0.0"
    is-number "^4.0.0"
    kind-of "^6.0.0"
    lazy-cache "^2.0.2"
    logging-helpers "^1.0.0"
    micromatch "^3.1.4"
    relative "^3.0.2"
    striptags "^3.1.0"
    to-gfm-code-block "^0.1.1"
    year "^0.2.1"

jsonc-eslint-parser@^1.4.1:
  version "1.4.1"
  resolved "1.4.1"
  integrity sha512-hXBrvsR1rdjmB2kQmUjf1rEIa+TqHBGMge8pwi++C+Si1ad7EjZrJcpgwym+QGK/pqTx+K7keFAtLlVNdLRJOg==
  dependencies:
    acorn "^7.4.1"
    eslint-utils "^2.1.0"
    eslint-visitor-keys "^1.3.0"
    espree "^6.0.0"
    semver "^6.3.0"

prettier-config-sexy-mode@latest:
  version "1.1.4"
  resolved "1.1.4"
  integrity sha512-nJyYCqfZxuz3Lxpm1WkZmAZypi+Avv42wvByCV+lLipkpDG2uTs6Pb2vD7XOXh4s/ZLWfLg6gwlD7Yj2+0ewBg==
  dependencies:
    "@prettier/plugin-php" "^0.17.6"
    "@prettier/plugin-pug" "^1.19.2"
    "@prettier/plugin-ruby" "^2.0.0"
    "@prettier/plugin-xml" "^1.0.2"
    prettier "^2.4.1"
    prettier-plugin-go-template "^0.0.11"
    prettier-plugin-ini "^0.3.1"
    prettier-plugin-java "^1.6.1"
    prettier-plugin-jsdoc "^0.3.30"
    prettier-plugin-organize-imports "^2.3.4"
    prettier-plugin-package-perfection "^1.0.1"
    prettier-plugin-properties "^0.1.0"
    prettier-plugin-sh "^0.7.1"
    prettier-plugin-solidity "^1.0.0-beta.19"
    prettier-plugin-sql "^0.4.1"
    prettier-plugin-toml-fixed "^0.3.3"
    tslib latest

prettier-plugin-go-template@^0.0.11:
  version "0.0.11"
  resolved "0.0.11"
  integrity sha512-qtgoEjvbgmcDp9TOqYNgrPrA41s6S1UMyzMqjcxdxQahTX0webWfbamyA/x3XeBFEEJmgXrRAirzJrIVzImsMg==
  dependencies:
    ulid "^2.3.0"

prettier-plugin-ini@^0.3.1:
  version "0.3.1"
  resolved "0.3.1"
  integrity sha512-p2MPOpkf0ebBme4n8U3TD7/uC3azlEyPgbfgU/l5SCgAvSKmXmRMSxKxonhSoQAGtdwQWcEADJbmzl+X72yN4Q==
  dependencies:
    prettier ">=2.0"

prettier-plugin-java@^1.6.1:
  version "1.6.2"
  resolved "1.6.2"
  integrity sha512-oVIUOkx50eb9skdRtEIU7MJUsizQ1ZocgXR1w1o8AnieNGpuPI/2pWnpjtbBm9wUG1dHtBGU8cVIr8h+xgzQIg==
  dependencies:
    java-parser "2.0.2"
    lodash "4.17.21"
    prettier "2.3.1"

prettier-plugin-jsdoc@^0.3.30:
  version "0.3.38"
  resolved "0.3.38"
  integrity sha512-h81ZV/nFk5gr3fzWMWzWoz/M/8FneAZxscT7DVSy+5jMIuWYnBFZfSswVKYZyTaZ5r6+6k4hpFTDWhRp85C1tg==
  dependencies:
    binary-searching "^2.0.5"
    comment-parser "^1.3.1"
    mdast-util-from-markdown "^1.2.0"

prettier-plugin-organize-imports@^2.3.4:
  version "2.3.4"
  resolved "2.3.4"
  integrity sha512-R8o23sf5iVL/U71h9SFUdhdOEPsi3nm42FD/oDYIZ2PQa4TNWWuWecxln6jlIQzpZTDMUeO1NicJP6lLn2TtRw==

prettier-plugin-package-perfection@^1.0.1:
  version "1.1.0"
  resolved "1.1.0"
  integrity sha512-RCNtWI8tlC4h/SmwqebdCR7ctrFzZVp13IM+SXdzFQ7lxa/QZza52Ioz+kvpKfjFD2Dvf/U5nVF8Ne1OkoePUQ==
  dependencies:
    prettier "^2.7.1"
    prettier-package-json "2.6.0"
    tslib latest

prettier-plugin-properties@^0.1.0:
  version "0.1.0"
  resolved "0.1.0"
  integrity sha512-lObSgVaTVWSyYWxKMOzRGmvQp64S1qumu5vS91ZlMc198ay8EGUuDH+Tc019iMJXc2KNpdAYif2qAJA6mjTkgA==
  dependencies:
    dot-properties "^1.0.0"
    linguist-languages "^7.9.0"

prettier-plugin-sh@^0.7.1:
  version "0.7.1"
  resolved "0.7.1"
  integrity sha512-2MWRdGOSz0yf/z2kTKF1AqxDuH9MZD8faoDAz5ySGphxssi9oyM3Ys+jp7AfqsCXvGUDbRA4EJOlKS0yZKAW6w==
  dependencies:
    mvdan-sh "^0.5.0"

prettier-plugin-solidity@^1.0.0-beta.19:
  version "1.0.0-beta.24"
  resolved "1.0.0-beta.24"
  integrity sha512-6JlV5BBTWzmDSq4kZ9PTXc3eLOX7DF5HpbqmmaF+kloyUwOZbJ12hIYsUaZh2fVgZdV2t0vWcvY6qhILhlzgqg==
  dependencies:
    "@solidity-parser/parser" "^0.14.3"
    emoji-regex "^10.1.0"
    escape-string-regexp "^4.0.0"
    semver "^7.3.7"
    solidity-comments-extractor "^0.0.7"
    string-width "^4.2.3"

prettier-plugin-sql@^0.4.1:
  version "0.4.2"
  resolved "0.4.2"
  integrity sha512-1avEGquDpgtZimyXiBFwDM2O5cPomAl17sogA8nkLLgYcZOZ4rGgGbc8OQg/5g8atUhWrang9TOZDRGn6xU6OQ==
  dependencies:
    node-sql-parser "^4.3.0"
    sql-formatter "^4.0.2"

prettier-plugin-toml-fixed@^0.3.3:
  version "0.3.3"
  resolved "0.3.3"
  integrity sha512-0TSQPR3//82X3iL+EjjVdCxSwXDdkLC/X9AsFTq5CtkJ9biRWdI+3XpMi0wJQ+iguP8yjBjtxPq7wPAcPG0YuQ==
  dependencies:
    "@toml-tools/parser" "^0.3.1"
    prettier "^1.16.0"

prettier@2.3.1:
  version "2.7.1"
  resolved "2.7.1"
  integrity sha512-ujppO+MkdPqoVINuDFDRLClm7D78qbDt0/NR+wp5FqEZOoTNAjPHWj17QRhu7geIHJfcNhRk1XVQmF8Bp3ye+g==

prettier@>=2.0:
  version "2.7.1"
  resolved "2.7.1"
  integrity sha512-ujppO+MkdPqoVINuDFDRLClm7D78qbDt0/NR+wp5FqEZOoTNAjPHWj17QRhu7geIHJfcNhRk1XVQmF8Bp3ye+g==

prettier@>=2.3:
  version "2.7.1"
  resolved "2.7.1"
  integrity sha512-ujppO+MkdPqoVINuDFDRLClm7D78qbDt0/NR+wp5FqEZOoTNAjPHWj17QRhu7geIHJfcNhRk1XVQmF8Bp3ye+g==

prettier@>=2.3.0:
  version "2.7.1"
  resolved "2.7.1"
  integrity sha512-ujppO+MkdPqoVINuDFDRLClm7D78qbDt0/NR+wp5FqEZOoTNAjPHWj17QRhu7geIHJfcNhRk1XVQmF8Bp3ye+g==

prettier@^1.16.0:
  version "2.7.1"
  resolved "2.7.1"
  integrity sha512-ujppO+MkdPqoVINuDFDRLClm7D78qbDt0/NR+wp5FqEZOoTNAjPHWj17QRhu7geIHJfcNhRk1XVQmF8Bp3ye+g==

prettier@^2.4.1:
  version "2.7.1"
  resolved "2.7.1"
  integrity sha512-ujppO+MkdPqoVINuDFDRLClm7D78qbDt0/NR+wp5FqEZOoTNAjPHWj17QRhu7geIHJfcNhRk1XVQmF8Bp3ye+g==

prettier@^2.7.1:
  version "2.7.1"
  resolved "2.7.1"
  integrity sha512-ujppO+MkdPqoVINuDFDRLClm7D78qbDt0/NR+wp5FqEZOoTNAjPHWj17QRhu7geIHJfcNhRk1XVQmF8Bp3ye+g==

semantic-release-config@latest:
  version "2.3.12"
  resolved "2.3.12"
  integrity sha512-so//BA+0GA3byI3rgmsLz/HypcEwFHbx0PtoGrfNARZnXHW5IMc9/TDDgM5gk4VPqGacpIoxEZZdTvGln0WkpQ==
  dependencies:
    "@semantic-release/changelog" "^6.0.1"
    "@semantic-release/commit-analyzer" "^9.0.2"
    "@semantic-release/exec" "^6.0.3"
    "@semantic-release/git" "^10.0.1"
    "@semantic-release/gitlab" "^7.2.1"
    "@semantic-release/npm" "^9.0.1"
    "@semantic-release/release-notes-generator" "^10.0.3"
    conventional-changelog-emoji-config latest
    git-cz-emoji latest
    semantic-release "^19.0.2"
    semantic-release-gh latest
    semantic-release-npm-deprecate-old-versions "^1.3.2"
    semantic-release-python latest
    tslib latest
    yaml "^1.10.2"

toml-eslint-parser@^0.2.1:
  version "0.2.1"
  resolved "0.2.1"
  integrity sha512-lAESSx47NjCe/O9Y5dbAmP+U/EFvdxPRgA0Hp4TxCZP3Bs6hxRfLHxZvBuXvTGkVoK0DpYamPz/rCqYBzoFWVQ==
  dependencies:
    eslint-visitor-keys "^2.0.0"

typescript@^4.5.5:
  version "4.8.3"
  resolved "4.8.3"
  integrity sha512-goMHfm00nWPa8UvR/CPSvykqf6dVV8x/dp0c5mFTMTIu0u0FlGWRioyy7Nn0PGAdHxpJZnuO/ut+PpQ8UiHAig==

yaml-eslint-parser@^0.4.0:
  version "0.4.1"
  resolved "0.4.1"
  integrity sha512-GoJ/p1EW8O2tbTbuhfxjo1XhfUFU3uX3kwvfEQoOaZjO2Lubx8POjlsSqB+18b3SxkujAdQYT9r9nURaUWNYWQ==
  dependencies:
    eslint-visitor-keys "^2.1.0"
    lodash "^4.17.20"
    yaml "^1.10.0"
